PODS:
  - flutter_desktop_context_menu (0.0.1):
    - FlutterMacOS
  - FlutterMacOS (1.0.0)

DEPENDENCIES:
  - flutter_desktop_context_menu (from `Flutter/ephemeral/.symlinks/plugins/flutter_desktop_context_menu/macos`)
  - FlutterMacOS (from `Flutter/ephemeral`)

EXTERNAL SOURCES:
  flutter_desktop_context_menu:
    :path: Flutter/ephemeral/.symlinks/plugins/flutter_desktop_context_menu/macos
  FlutterMacOS:
    :path: Flutter/ephemeral

SPEC CHECKSUMS:
  flutter_desktop_context_menu: 46fe6779e953e2757da1847d3fb9acc717e60d67
  FlutterMacOS: 8f6f14fa908a6fb3fba0cd85dbd81ec4b251fb24

PODFILE CHECKSUM: 353c8bcc5d5b0994e508d035b5431cfe18c1dea7

COCOAPODS: 1.11.3
